PODS:
  - Realm (3.7.4):
    - Realm/Headers (= 3.7.4)
  - Realm/Headers (3.7.4)

DEPENDENCIES:
  - Realm (~> 3.0)
  - Realm/Headers (~> 3.0)

SPEC REPOS:
  https://github.com/cocoapods/specs.git:
    - Realm

SPEC CHECKSUMS:
  Realm: a469bb59e33f9926102ccaea4349822c53b9117e

PODFILE CHECKSUM: a6736f76c7667f981a8f620c9e2bb10621ad6d12

COCOAPODS: 1.5.3
